// !$*UTF8*$!
{
	archiveVersion = 1;
	classes = {
	};
	objectVersion = 77;
	objects = {

/* Begin PBXBuildFile section */
		E56F8E942EC21F5C0095E0FA /* Assets.xcassets in Resources */ = {isa = PBXBuildFile; fileRef = E56F8E8B2EC21F5C0095E0FA /* Assets.xcassets */; };
		E56F8E952EC21F5C0095E0FA /* AppDelegate.swift in Sources */ = {isa = PBXBuildFile; fileRef = E56F8E8A2EC21F5C0095E0FA /* AppDelegate.swift */; };
		E56F8E962EC21F5C0095E0FA /* HomeView.swift in Sources */ = {isa = PBXBuildFile; fileRef = E56F8E8C2EC21F5C0095E0FA /* HomeView.swift */; };
		E56F8E972EC21F5C0095E0FA /* MainTabView.swift in Sources */ = {isa = PBXBuildFile; fileRef = E56F8E8D2EC21F5C0095E0FA /* MainTabView.swift */; };
		E56F8E982EC21F5C0095E0FA /* MusicSalePlatformApp.swift in Sources */ = {isa = PBXBuildFile; fileRef = E56F8E8E2EC21F5C0095E0FA /* MusicSalePlatformApp.swift */; };
		E56F8E992EC21F5C0095E0FA /* NavigationView.swift in Sources */ = {isa = PBXBuildFile; fileRef = E56F8E8F2EC21F5C0095E0FA /* NavigationView.swift */; };
		E56F8E9A2EC21F5C0095E0FA /* Route.swift in Sources */ = {isa = PBXBuildFile; fileRef = E56F8E902EC21F5C0095E0FA /* Route.swift */; };
		E56F8E9B2EC21F5C0095E0FA /* Tab.swift in Sources */ = {isa = PBXBuildFile; fileRef = E56F8E912EC21F5C0095E0FA /* Tab.swift */; };
		E56F8E9C2EC21F5C0095E0FA /* TabView.swift in Sources */ = {isa = PBXBuildFile; fileRef = E56F8E922EC21F5C0095E0FA /* TabView.swift */; };
		E56F8EA02EC221290095E0FA /* Colors.xcassets in Resources */ = {isa = PBXBuildFile; fileRef = E56F8E9F2EC221290095E0FA /* Colors.xcassets */; };
		E56F8EA22EC2213B0095E0FA /* Images.xcassets in Resources */ = {isa = PBXBuildFile; fileRef = E56F8EA12EC2213B0095E0FA /* Images.xcassets */; };
		E56F8EA42EC224C00095E0FA /* SearchView.swift in Sources */ = {isa = PBXBuildFile; fileRef = E56F8EA32EC224C00095E0FA /* SearchView.swift */; };
		E56F8EA62EC229520095E0FA /* CategoryView.swift in Sources */ = {isa = PBXBuildFile; fileRef = E56F8EA52EC229520095E0FA /* CategoryView.swift */; };
		E56F8EA82EC229900095E0FA /* Category.swift in Sources */ = {isa = PBXBuildFile; fileRef = E56F8EA72EC229900095E0FA /* Category.swift */; };
		E56F8EB22EC231620095E0FA /* ComposableArchitecture in Frameworks */ = {isa = PBXBuildFile; productRef = E56F8EB12EC231620095E0FA /* ComposableArchitecture */; };
		E56F8EB42EC231E00095E0FA /* HomeFeature.swift in Sources */ = {isa = PBXBuildFile; fileRef = E56F8EB32EC231E00095E0FA /* HomeFeature.swift */; };
/* End PBXBuildFile section */

/* Begin PBXFileReference section */
		E56F8E8A2EC21F5C0095E0FA /* AppDelegate.swift */ = {isa = PBXFileReference; lastKnownFileType = sourcecode.swift; path = AppDelegate.swift; sourceTree = "<group>"; };
		E56F8E8B2EC21F5C0095E0FA /* Assets.xcassets */ = {isa = PBXFileReference; lastKnownFileType = folder.assetcatalog; path = Assets.xcassets; sourceTree = "<group>"; };
		E56F8E8C2EC21F5C0095E0FA /* HomeView.swift */ = {isa = PBXFileReference; lastKnownFileType = sourcecode.swift; path = HomeView.swift; sourceTree = "<group>"; };
		E56F8E8D2EC21F5C0095E0FA /* MainTabView.swift */ = {isa = PBXFileReference; lastKnownFileType = sourcecode.swift; path = MainTabView.swift; sourceTree = "<group>"; };
		E56F8E8E2EC21F5C0095E0FA /* MusicSalePlatformApp.swift */ = {isa = PBXFileReference; lastKnownFileType = sourcecode.swift; path = MusicSalePlatformApp.swift; sourceTree = "<group>"; };
		E56F8E8F2EC21F5C0095E0FA /* NavigationView.swift */ = {isa = PBXFileReference; lastKnownFileType = sourcecode.swift; path = NavigationView.swift; sourceTree = "<group>"; };
		E56F8E902EC21F5C0095E0FA /* Route.swift */ = {isa = PBXFileReference; lastKnownFileType = sourcecode.swift; path = Route.swift; sourceTree = "<group>"; };
		E56F8E912EC21F5C0095E0FA /* Tab.swift */ = {isa = PBXFileReference; lastKnownFileType = sourcecode.swift; path = Tab.swift; sourceTree = "<group>"; };
		E56F8E922EC21F5C0095E0FA /* TabView.swift */ = {isa = PBXFileReference; lastKnownFileType = sourcecode.swift; path = TabView.swift; sourceTree = "<group>"; };
		E56F8E9F2EC221290095E0FA /* Colors.xcassets */ = {isa = PBXFileReference; lastKnownFileType = folder.assetcatalog; path = Colors.xcassets; sourceTree = "<group>"; };
		E56F8EA12EC2213B0095E0FA /* Images.xcassets */ = {isa = PBXFileReference; lastKnownFileType = folder.assetcatalog; path = Images.xcassets; sourceTree = "<group>"; };
		E56F8EA32EC224C00095E0FA /* SearchView.swift */ = {isa = PBXFileReference; lastKnownFileType = sourcecode.swift; path = SearchView.swift; sourceTree = "<group>"; };
		E56F8EA52EC229520095E0FA /* CategoryView.swift */ = {isa = PBXFileReference; lastKnownFileType = sourcecode.swift; path = CategoryView.swift; sourceTree = "<group>"; };
		E56F8EA72EC229900095E0FA /* Category.swift */ = {isa = PBXFileReference; lastKnownFileType = sourcecode.swift; path = Category.swift; sourceTree = "<group>"; };
		E56F8EB32EC231E00095E0FA /* HomeFeature.swift */ = {isa = PBXFileReference; lastKnownFileType = sourcecode.swift; path = HomeFeature.swift; sourceTree = "<group>"; };
		E56F99D82EAE7681003EECDB /* MusicSalePlatform.app */ = {isa = PBXFileReference; explicitFileType = wrapper.application; includeInIndex = 0; path = MusicSalePlatform.app; sourceTree = BUILT_PRODUCTS_DIR; };
/* End PBXFileReference section */

/* Begin PBXFrameworksBuildPhase section */
		E56F99D52EAE7681003EECDB /* Frameworks */ = {
			isa = PBXFrameworksBuildPhase;
			buildActionMask = 2147483647;
			files = (
				E56F8EB22EC231620095E0FA /* ComposableArchitecture in Frameworks */,
			);
			runOnlyForDeploymentPostprocessing = 0;
		};
/* End PBXFrameworksBuildPhase section */

/* Begin PBXGroup section */
		E56F8E932EC21F5C0095E0FA /* MusicSalePlatform */ = {
			isa = PBXGroup;
			children = (
				E56F8E9E2EC220410095E0FA /* Resources */,
				E56F8E9D2EC21F630095E0FA /* App */,
				E56F8EAE2EC22CE20095E0FA /* Presentation */,
				E56F8EA92EC22C700095E0FA /* Components */,
			);
			path = MusicSalePlatform;
			sourceTree = "<group>";
		};
		E56F8E9D2EC21F630095E0FA /* App */ = {
			isa = PBXGroup;
			children = (
				E56F8E8A2EC21F5C0095E0FA /* AppDelegate.swift */,
				E56F8E8E2EC21F5C0095E0FA /* MusicSalePlatformApp.swift */,
				E56F8E902EC21F5C0095E0FA /* Route.swift */,
			);
			path = App;
			sourceTree = "<group>";
		};
		E56F8E9E2EC220410095E0FA /* Resources */ = {
			isa = PBXGroup;
			children = (
				E56F8E8B2EC21F5C0095E0FA /* Assets.xcassets */,
				E56F8E9F2EC221290095E0FA /* Colors.xcassets */,
				E56F8EA12EC2213B0095E0FA /* Images.xcassets */,
			);
			path = Resources;
			sourceTree = "<group>";
		};
		E56F8EA92EC22C700095E0FA /* Components */ = {
			isa = PBXGroup;
			children = (
				E56F8EAD2EC22CD10095E0FA /* Navigation */,
				E56F8EAC2EC22CC20095E0FA /* Search */,
				E56F8EAB2EC22CB70095E0FA /* Category */,
				E56F8EAA2EC22CAD0095E0FA /* Tab */,
			);
			path = Components;
			sourceTree = "<group>";
		};
		E56F8EAA2EC22CAD0095E0FA /* Tab */ = {
			isa = PBXGroup;
			children = (
				E56F8E912EC21F5C0095E0FA /* Tab.swift */,
				E56F8E922EC21F5C0095E0FA /* TabView.swift */,
			);
			path = Tab;
			sourceTree = "<group>";
		};
		E56F8EAB2EC22CB70095E0FA /* Category */ = {
			isa = PBXGroup;
			children = (
				E56F8EA72EC229900095E0FA /* Category.swift */,
				E56F8EA52EC229520095E0FA /* CategoryView.swift */,
			);
			path = Category;
			sourceTree = "<group>";
		};
		E56F8EAC2EC22CC20095E0FA /* Search */ = {
			isa = PBXGroup;
			children = (
				E56F8EA32EC224C00095E0FA /* SearchView.swift */,
			);
			path = Search;
			sourceTree = "<group>";
		};
		E56F8EAD2EC22CD10095E0FA /* Navigation */ = {
			isa = PBXGroup;
			children = (
				E56F8E8F2EC21F5C0095E0FA /* NavigationView.swift */,
			);
			path = Navigation;
			sourceTree = "<group>";
		};
		E56F8EAE2EC22CE20095E0FA /* Presentation */ = {
			isa = PBXGroup;
			children = (
				E56F8EAF2EC22D210095E0FA /* Home */,
				E56F8E8D2EC21F5C0095E0FA /* MainTabView.swift */,
			);
			path = Presentation;
			sourceTree = "<group>";
		};
		E56F8EAF2EC22D210095E0FA /* Home */ = {
			isa = PBXGroup;
			children = (
				E56F8E8C2EC21F5C0095E0FA /* HomeView.swift */,
				E56F8EB32EC231E00095E0FA /* HomeFeature.swift */,
			);
			path = Home;
			sourceTree = "<group>";
		};
		E56F99CF2EAE7681003EECDB = {
			isa = PBXGroup;
			children = (
				E56F8E932EC21F5C0095E0FA /* MusicSalePlatform */,
				E56F99D92EAE7681003EECDB /* Products */,
			);
			sourceTree = "<group>";
		};
		E56F99D92EAE7681003EECDB /* Products */ = {
			isa = PBXGroup;
			children = (
				E56F99D82EAE7681003EECDB /* MusicSalePlatform.app */,
			);
			name = Products;
			sourceTree = "<group>";
		};
/* End PBXGroup section */

/* Begin PBXNativeTarget section */
		E56F99D72EAE7681003EECDB /* MusicSalePlatform */ = {
			isa = PBXNativeTarget;
			buildConfigurationList = E56F99E32EAE7682003EECDB /* Build configuration list for PBXNativeTarget "MusicSalePlatform" */;
			buildPhases = (
				E56F99D42EAE7681003EECDB /* Sources */,
				E56F99D52EAE7681003EECDB /* Frameworks */,
				E56F99D62EAE7681003EECDB /* Resources */,
			);
			buildRules = (
			);
			dependencies = (
			);
			name = MusicSalePlatform;
			packageProductDependencies = (
				E56F8EB12EC231620095E0FA /* ComposableArchitecture */,
			);
			productName = MusicSalePlatform;
			productReference = E56F99D82EAE7681003EECDB /* MusicSalePlatform.app */;
			productType = "com.apple.product-type.application";
		};
/* End PBXNativeTarget section */

/* Begin PBXProject section */
		E56F99D02EAE7681003EECDB /* Project object */ = {
			isa = PBXProject;
			attributes = {
				BuildIndependentTargetsInParallel = 1;
				LastSwiftUpdateCheck = 2600;
				LastUpgradeCheck = 2600;
				TargetAttributes = {
					E56F99D72EAE7681003EECDB = {
						CreatedOnToolsVersion = 26.0.1;
					};
				};
			};
			buildConfigurationList = E56F99D32EAE7681003EECDB /* Build configuration list for PBXProject "MusicSalePlatform" */;
			developmentRegion = en;
			hasScannedForEncodings = 0;
			knownRegions = (
				en,
				Base,
			);
			mainGroup = E56F99CF2EAE7681003EECDB;
			minimizedProjectReferenceProxies = 1;
			packageReferences = (
				E56F8EB02EC231610095E0FA /* XCRemoteSwiftPackageReference "swift-composable-architecture" */,
			);
			preferredProjectObjectVersion = 77;
			productRefGroup = E56F99D92EAE7681003EECDB /* Products */;
			projectDirPath = "";
			projectRoot = "";
			targets = (
				E56F99D72EAE7681003EECDB /* MusicSalePlatform */,
			);
		};
/* End PBXProject section */

/* Begin PBXResourcesBuildPhase section */
		E56F99D62EAE7681003EECDB /* Resources */ = {
			isa = PBXResourcesBuildPhase;
			buildActionMask = 2147483647;
			files = (
				E56F8EA22EC2213B0095E0FA /* Images.xcassets in Resources */,
				E56F8E942EC21F5C0095E0FA /* Assets.xcassets in Resources */,
				E56F8EA02EC221290095E0FA /* Colors.xcassets in Resources */,
			);
			runOnlyForDeploymentPostprocessing = 0;
		};
/* End PBXResourcesBuildPhase section */

/* Begin PBXSourcesBuildPhase section */
		E56F99D42EAE7681003EECDB /* Sources */ = {
			isa = PBXSourcesBuildPhase;
			buildActionMask = 2147483647;
			files = (
				E56F8E952EC21F5C0095E0FA /* AppDelegate.swift in Sources */,
				E56F8EA42EC224C00095E0FA /* SearchView.swift in Sources */,
				E56F8E962EC21F5C0095E0FA /* HomeView.swift in Sources */,
				E56F8E972EC21F5C0095E0FA /* MainTabView.swift in Sources */,
				E56F8EA62EC229520095E0FA /* CategoryView.swift in Sources */,
				E56F8E982EC21F5C0095E0FA /* MusicSalePlatformApp.swift in Sources */,
				E56F8E992EC21F5C0095E0FA /* NavigationView.swift in Sources */,
				E56F8E9A2EC21F5C0095E0FA /* Route.swift in Sources */,
				E56F8E9B2EC21F5C0095E0FA /* Tab.swift in Sources */,
				E56F8EB42EC231E00095E0FA /* HomeFeature.swift in Sources */,
				E56F8E9C2EC21F5C0095E0FA /* TabView.swift in Sources */,
				E56F8EA82EC229900095E0FA /* Category.swift in Sources */,
			);
			runOnlyForDeploymentPostprocessing = 0;
		};
/* End PBXSourcesBuildPhase section */

/* Begin XCBuildConfiguration section */
		E56F99E12EAE7682003EECDB /* Debug */ = {
			isa = XCBuildConfiguration;
			buildSettings = {
				ALWAYS_SEARCH_USER_PATHS = NO;
				ASSETCATALOG_COMPILER_GENERATE_SWIFT_ASSET_SYMBOL_EXTENSIONS = YES;
				CLANG_ANALYZER_NONNULL = YES;
				CLANG_ANALYZER_NUMBER_OBJECT_CONVERSION = YES_AGGRESSIVE;
				CLANG_CXX_LANGUAGE_STANDARD = "gnu++20";
				CLANG_ENABLE_MODULES = YES;
				CLANG_ENABLE_OBJC_ARC = YES;
				CLANG_ENABLE_OBJC_WEAK = YES;
				CLANG_WARN_BLOCK_CAPTURE_AUTORELEASING = YES;
				CLANG_WARN_BOOL_CONVERSION = YES;
				CLANG_WARN_COMMA = YES;
				CLANG_WARN_CONSTANT_CONVERSION = YES;
				CLANG_WARN_DEPRECATED_OBJC_IMPLEMENTATIONS = YES;
				CLANG_WARN_DIRECT_OBJC_ISA_USAGE = YES_ERROR;
				CLANG_WARN_DOCUMENTATION_COMMENTS = YES;
				CLANG_WARN_EMPTY_BODY = YES;
				CLANG_WARN_ENUM_CONVERSION = YES;
				CLANG_WARN_INFINITE_RECURSION = YES;
				CLANG_WARN_INT_CONVERSION = YES;
				CLANG_WARN_NON_LITERAL_NULL_CONVERSION = YES;
				CLANG_WARN_OBJC_IMPLICIT_RETAIN_SELF = YES;
				CLANG_WARN_OBJC_LITERAL_CONVERSION = YES;
				CLANG_WARN_OBJC_ROOT_CLASS = YES_ERROR;
				CLANG_WARN_QUOTED_INCLUDE_IN_FRAMEWORK_HEADER = YES;
				CLANG_WARN_RANGE_LOOP_ANALYSIS = YES;
				CLANG_WARN_STRICT_PROTOTYPES = YES;
				CLANG_WARN_SUSPICIOUS_MOVE = YES;
				CLANG_WARN_UNGUARDED_AVAILABILITY = YES_AGGRESSIVE;
				CLANG_WARN_UNREACHABLE_CODE = YES;
				CLANG_WARN__DUPLICATE_METHOD_MATCH = YES;
				COPY_PHASE_STRIP = NO;
				DEBUG_INFORMATION_FORMAT = dwarf;
				ENABLE_STRICT_OBJC_MSGSEND = YES;
				ENABLE_TESTABILITY = YES;
				ENABLE_USER_SCRIPT_SANDBOXING = YES;
				GCC_C_LANGUAGE_STANDARD = gnu17;
				GCC_DYNAMIC_NO_PIC = NO;
				GCC_NO_COMMON_BLOCKS = YES;
				GCC_OPTIMIZATION_LEVEL = 0;
				GCC_PREPROCESSOR_DEFINITIONS = (
					"DEBUG=1",
					"$(inherited)",
				);
				GCC_WARN_64_TO_32_BIT_CONVERSION = YES;
				GCC_WARN_ABOUT_RETURN_TYPE = YES_ERROR;
				GCC_WARN_UNDECLARED_SELECTOR = YES;
				GCC_WARN_UNINITIALIZED_AUTOS = YES_AGGRESSIVE;
				GCC_WARN_UNUSED_FUNCTION = YES;
				GCC_WARN_UNUSED_VARIABLE = YES;
				IPHONEOS_DEPLOYMENT_TARGET = 26.0;
				LOCALIZATION_PREFERS_STRING_CATALOGS = YES;
				MTL_ENABLE_DEBUG_INFO = INCLUDE_SOURCE;
				MTL_FAST_MATH = YES;
				ONLY_ACTIVE_ARCH = YES;
				SDKROOT = iphoneos;
				SWIFT_ACTIVE_COMPILATION_CONDITIONS = "DEBUG $(inherited)";
				SWIFT_OPTIMIZATION_LEVEL = "-Onone";
			};
			name = Debug;
		};
		E56F99E22EAE7682003EECDB /* Release */ = {
			isa = XCBuildConfiguration;
			buildSettings = {
				ALWAYS_SEARCH_USER_PATHS = NO;
				ASSETCATALOG_COMPILER_GENERATE_SWIFT_ASSET_SYMBOL_EXTENSIONS = YES;
				CLANG_ANALYZER_NONNULL = YES;
				CLANG_ANALYZER_NUMBER_OBJECT_CONVERSION = YES_AGGRESSIVE;
				CLANG_CXX_LANGUAGE_STANDARD = "gnu++20";
				CLANG_ENABLE_MODULES = YES;
				CLANG_ENABLE_OBJC_ARC = YES;
				CLANG_ENABLE_OBJC_WEAK = YES;
				CLANG_WARN_BLOCK_CAPTURE_AUTORELEASING = YES;
				CLANG_WARN_BOOL_CONVERSION = YES;
				CLANG_WARN_COMMA = YES;
				CLANG_WARN_CONSTANT_CONVERSION = YES;
				CLANG_WARN_DEPRECATED_OBJC_IMPLEMENTATIONS = YES;
				CLANG_WARN_DIRECT_OBJC_ISA_USAGE = YES_ERROR;
				CLANG_WARN_DOCUMENTATION_COMMENTS = YES;
				CLANG_WARN_EMPTY_BODY = YES;
				CLANG_WARN_ENUM_CONVERSION = YES;
				CLANG_WARN_INFINITE_RECURSION = YES;
				CLANG_WARN_INT_CONVERSION = YES;
				CLANG_WARN_NON_LITERAL_NULL_CONVERSION = YES;
				CLANG_WARN_OBJC_IMPLICIT_RETAIN_SELF = YES;
				CLANG_WARN_OBJC_LITERAL_CONVERSION = YES;
				CLANG_WARN_OBJC_ROOT_CLASS = YES_ERROR;
				CLANG_WARN_QUOTED_INCLUDE_IN_FRAMEWORK_HEADER = YES;
				CLANG_WARN_RANGE_LOOP_ANALYSIS = YES;
				CLANG_WARN_STRICT_PROTOTYPES = YES;
				CLANG_WARN_SUSPICIOUS_MOVE = YES;
				CLANG_WARN_UNGUARDED_AVAILABILITY = YES_AGGRESSIVE;
				CLANG_WARN_UNREACHABLE_CODE = YES;
				CLANG_WARN__DUPLICATE_METHOD_MATCH = YES;
				COPY_PHASE_STRIP = NO;
				DEBUG_INFORMATION_FORMAT = "dwarf-with-dsym";
				ENABLE_NS_ASSERTIONS = NO;
				ENABLE_STRICT_OBJC_MSGSEND = YES;
				ENABLE_USER_SCRIPT_SANDBOXING = YES;
				GCC_C_LANGUAGE_STANDARD = gnu17;
				GCC_NO_COMMON_BLOCKS = YES;
				GCC_WARN_64_TO_32_BIT_CONVERSION = YES;
				GCC_WARN_ABOUT_RETURN_TYPE = YES_ERROR;
				GCC_WARN_UNDECLARED_SELECTOR = YES;
				GCC_WARN_UNINITIALIZED_AUTOS = YES_AGGRESSIVE;
				GCC_WARN_UNUSED_FUNCTION = YES;
				GCC_WARN_UNUSED_VARIABLE = YES;
				IPHONEOS_DEPLOYMENT_TARGET = 26.0;
				LOCALIZATION_PREFERS_STRING_CATALOGS = YES;
				MTL_ENABLE_DEBUG_INFO = NO;
				MTL_FAST_MATH = YES;
				SDKROOT = iphoneos;
				SWIFT_COMPILATION_MODE = wholemodule;
				VALIDATE_PRODUCT = YES;
			};
			name = Release;
		};
		E56F99E42EAE7682003EECDB /* Debug */ = {
			isa = XCBuildConfiguration;
			buildSettings = {
				ASSETCATALOG_COMPILER_APPICON_NAME = AppIcon;
				ASSETCATALOG_COMPILER_GLOBAL_ACCENT_COLOR_NAME = AccentColor;
				CODE_SIGN_STYLE = Automatic;
				CURRENT_PROJECT_VERSION = 1;
				ENABLE_PREVIEWS = YES;
				GENERATE_INFOPLIST_FILE = YES;
				INFOPLIST_KEY_UIApplicationSceneManifest_Generation = YES;
				INFOPLIST_KEY_UIApplicationSupportsIndirectInputEvents = YES;
				INFOPLIST_KEY_UILaunchScreen_Generation = YES;
				INFOPLIST_KEY_UISupportedInterfaceOrientations = UIInterfaceOrientationPortrait;
				INFOPLIST_KEY_UISupportedInterfaceOrientations_iPad = "UIInterfaceOrientationLandscapeLeft UIInterfaceOrientationLandscapeRight UIInterfaceOrientationPortrait UIInterfaceOrientationPortraitUpsideDown";
				IPHONEOS_DEPLOYMENT_TARGET = 16.0;
				LD_RUNPATH_SEARCH_PATHS = (
					"$(inherited)",
					"@executable_path/Frameworks",
				);
				MARKETING_VERSION = 1.0;
				PRODUCT_BUNDLE_IDENTIFIER = com.haewon.MusicSalePlatform;
				PRODUCT_NAME = "$(TARGET_NAME)";
				STRING_CATALOG_GENERATE_SYMBOLS = YES;
				SUPPORTED_PLATFORMS = "iphoneos iphonesimulator";
				SUPPORTS_MACCATALYST = NO;
				SUPPORTS_MAC_DESIGNED_FOR_IPHONE_IPAD = NO;
				SUPPORTS_XR_DESIGNED_FOR_IPHONE_IPAD = NO;
				SWIFT_APPROACHABLE_CONCURRENCY = YES;
				SWIFT_DEFAULT_ACTOR_ISOLATION = MainActor;
				SWIFT_EMIT_LOC_STRINGS = YES;
				SWIFT_ENABLE_EXPLICIT_MODULES = NO;
				SWIFT_UPCOMING_FEATURE_MEMBER_IMPORT_VISIBILITY = YES;
				SWIFT_VERSION = 5.0;
				TARGETED_DEVICE_FAMILY = "1,2";
			};
			name = Debug;
		};
		E56F99E52EAE7682003EECDB /* Release */ = {
			isa = XCBuildConfiguration;
			buildSettings = {
				ASSETCATALOG_COMPILER_APPICON_NAME = AppIcon;
				ASSETCATALOG_COMPILER_GLOBAL_ACCENT_COLOR_NAME = AccentColor;
				CODE_SIGN_STYLE = Automatic;
				CURRENT_PROJECT_VERSION = 1;
				ENABLE_PREVIEWS = YES;
				GENERATE_INFOPLIST_FILE = YES;
				INFOPLIST_KEY_UIApplicationSceneManifest_Generation = YES;
				INFOPLIST_KEY_UIApplicationSupportsIndirectInputEvents = YES;
				INFOPLIST_KEY_UILaunchScreen_Generation = YES;
				INFOPLIST_KEY_UISupportedInterfaceOrientations = UIInterfaceOrientationPortrait;
				INFOPLIST_KEY_UISupportedInterfaceOrientations_iPad = "UIInterfaceOrientationLandscapeLeft UIInterfaceOrientationLandscapeRight UIInterfaceOrientationPortrait UIInterfaceOrientationPortraitUpsideDown";
				IPHONEOS_DEPLOYMENT_TARGET = 16.0;
				LD_RUNPATH_SEARCH_PATHS = (
					"$(inherited)",
					"@executable_path/Frameworks",
				);
				MARKETING_VERSION = 1.0;
				PRODUCT_BUNDLE_IDENTIFIER = com.haewon.MusicSalePlatform;
				PRODUCT_NAME = "$(TARGET_NAME)";
				STRING_CATALOG_GENERATE_SYMBOLS = YES;
				SUPPORTED_PLATFORMS = "iphoneos iphonesimulator";
				SUPPORTS_MACCATALYST = NO;
				SUPPORTS_MAC_DESIGNED_FOR_IPHONE_IPAD = NO;
				SUPPORTS_XR_DESIGNED_FOR_IPHONE_IPAD = NO;
				SWIFT_APPROACHABLE_CONCURRENCY = YES;
				SWIFT_DEFAULT_ACTOR_ISOLATION = MainActor;
				SWIFT_EMIT_LOC_STRINGS = YES;
				SWIFT_ENABLE_EXPLICIT_MODULES = NO;
				SWIFT_UPCOMING_FEATURE_MEMBER_IMPORT_VISIBILITY = YES;
				SWIFT_VERSION = 5.0;
				TARGETED_DEVICE_FAMILY = "1,2";
			};
			name = Release;
		};
/* End XCBuildConfiguration section */

/* Begin XCConfigurationList section */
		E56F99D32EAE7681003EECDB /* Build configuration list for PBXProject "MusicSalePlatform" */ = {
			isa = XCConfigurationList;
			buildConfigurations = (
				E56F99E12EAE7682003EECDB /* Debug */,
				E56F99E22EAE7682003EECDB /* Release */,
			);
			defaultConfigurationIsVisible = 0;
			defaultConfigurationName = Release;
		};
		E56F99E32EAE7682003EECDB /* Build configuration list for PBXNativeTarget "MusicSalePlatform" */ = {
			isa = XCConfigurationList;
			buildConfigurations = (
				E56F99E42EAE7682003EECDB /* Debug */,
				E56F99E52EAE7682003EECDB /* Release */,
			);
			defaultConfigurationIsVisible = 0;
			defaultConfigurationName = Release;
		};
/* End XCConfigurationList section */

/* Begin XCRemoteSwiftPackageReference section */
		E56F8EB02EC231610095E0FA /* XCRemoteSwiftPackageReference "swift-composable-architecture" */ = {
			isa = XCRemoteSwiftPackageReference;
			repositoryURL = "https://github.com/pointfreeco/swift-composable-architecture.git";
			requirement = {
				kind = upToNextMajorVersion;
				minimumVersion = 1.23.1;
			};
		};
/* End XCRemoteSwiftPackageReference section */

/* Begin XCSwiftPackageProductDependency section */
		E56F8EB12EC231620095E0FA /* ComposableArchitecture */ = {
			isa = XCSwiftPackageProductDependency;
			package = E56F8EB02EC231610095E0FA /* XCRemoteSwiftPackageReference "swift-composable-architecture" */;
			productName = ComposableArchitecture;
		};
/* End XCSwiftPackageProductDependency section */
	};
	rootObject = E56F99D02EAE7681003EECDB /* Project object */;
}
